{
  "version": 4,
  "terraform_version": "1.6.6",
  "serial": 133,
  "lineage": "f900e201-24f9-1a1a-a15c-635bbf71dcdc",
  "outputs": {},
  "resources": [
    {
      "mode": "managed",
      "type": "azurerm_linux_virtual_machine",
      "name": "Nginx",
      "provider": "provider[\"registry.terraform.io/hashicorp/azurerm\"]",
      "instances": [
        {
          "index_key": 0,
          "schema_version": 0,
          "attributes": {
            "additional_capabilities": [],
            "admin_password": "Password@123",
            "admin_ssh_key": [
              {
                "public_key": "ssh-rsa AAAAB3NzaC1yc2EAAAADAQABAAABgQDARnBJfspZuDeK5VGMFo/rZY5mNYU/KWWuO1KCDMlgOCSNXbjUS3tMmYcdBid5cbyJgSA8FYzPQDQKOMzc3at+XMEsUO+bA2rujR+GxY5kl0+4idAac2z9NdFy7EM0ZOjLHnwhhJYrEQDR84Uy8i6chKyaR0HfNo4TM87Z/bl/zKrgWjHtMj/oqxe6xORrs+aJfHG5Y6ew2bYm40/ESY5FVBXhoVr+fk66bK3Ary22f6soxTHa+xIUY0IlXhiP6XrM6qmmm5Bra/u1tTPGeqRoEo/MciX9tOwwgSRPQQNNw9y/LIisE0BpSRWonU7zgo3xIEmZogR9HiWPUT94Dn8TXGgnyeFPt/GIQBoxFKaI4dXGGze+smEdGyXnJzx3A4Qql436yyFu/zSE6WRFBZmQm+mZdaCkmkbZZzVt7kwFTpM6w23L7NzrkrBsWlYYhvdLrNnrdc6Af0sjD27A5RD4FpnUn3rZK6br1DTrpC/sbf6Zpn8ntP47VQ0tfS8Rf5c= azuread\\athirsonap@DESKTOP-O5C151G\r\n",
                "username": "useradmin"
              }
            ],
            "admin_username": "useradmin",
            "allow_extension_operations": true,
            "availability_set_id": "",
            "boot_diagnostics": [],
            "bypass_platform_safety_checks_on_user_schedule_enabled": false,
            "capacity_reservation_group_id": "",
            "computer_name": "NginxServer-1",
            "custom_data": "IyEvYmluL2Jhc2gNCnN1ZG8gYXB0IC15IHVwZGF0ZQ0KDQojaW5zdGFsbCBuZ2lueA0Kc3VkbyBhcHQgLXkgaW5zdGFsbCBuZ2lueA0Kc3VkbyBzeXN0ZW1jdGwgc3RhcnQgbmdpbng=",
            "dedicated_host_group_id": "",
            "dedicated_host_id": "",
            "disable_password_authentication": false,
            "disk_controller_type": "",
            "edge_zone": "",
            "encryption_at_host_enabled": false,
            "eviction_policy": "",
            "extensions_time_budget": "PT1H30M",
            "gallery_application": [],
            "id": "/subscriptions/fb8777e1-661e-4739-a65f-da0009be9c82/resourceGroups/nginx-webserver-az/providers/Microsoft.Compute/virtualMachines/NginxServer-1",
            "identity": [],
            "license_type": "",
            "location": "eastus",
            "max_bid_price": -1,
            "name": "NginxServer-1",
            "network_interface_ids": [
              "/subscriptions/fb8777e1-661e-4739-a65f-da0009be9c82/resourceGroups/nginx-webserver-az/providers/Microsoft.Network/networkInterfaces/NginxNic--1"
            ],
            "os_disk": [
              {
                "caching": "ReadWrite",
                "diff_disk_settings": [],
                "disk_encryption_set_id": "",
                "disk_size_gb": 30,
                "name": "NginxServer-1_disk1_b00c32e7c71346588d97dca2bc6ac4e2",
                "secure_vm_disk_encryption_set_id": "",
                "security_encryption_type": "",
                "storage_account_type": "Standard_LRS",
                "write_accelerator_enabled": false
              }
            ],
            "os_image_notification": [],
            "patch_assessment_mode": "ImageDefault",
            "patch_mode": "ImageDefault",
            "plan": [],
            "platform_fault_domain": -1,
            "priority": "Regular",
            "private_ip_address": "10.0.1.4",
            "private_ip_addresses": [
              "10.0.1.4"
            ],
            "provision_vm_agent": true,
            "proximity_placement_group_id": "",
            "public_ip_address": "172.214.72.88",
            "public_ip_addresses": [
              "172.214.72.88"
            ],
            "reboot_setting": "",
            "resource_group_name": "nginx-webserver-az",
            "secret": [],
            "secure_boot_enabled": false,
            "size": "Standard_B1s",
            "source_image_id": "",
            "source_image_reference": [
              {
                "offer": "0001-com-ubuntu-server-jammy",
                "publisher": "Canonical",
                "sku": "22_04-lts",
                "version": "latest"
              }
            ],
            "tags": null,
            "termination_notification": null,
            "timeouts": null,
            "user_data": "",
            "virtual_machine_id": "f5713949-fd83-4b14-8a62-ba26d9c0c540",
            "virtual_machine_scale_set_id": "",
            "vm_agent_platform_updates_enabled": false,
            "vtpm_enabled": false,
            "zone": "1"
          },
          "sensitive_attributes": [],
          "private": "eyJlMmJmYjczMC1lY2FhLTExZTYtOGY4OC0zNDM2M2JjN2M0YzAiOnsiY3JlYXRlIjoyNzAwMDAwMDAwMDAwLCJkZWxldGUiOjI3MDAwMDAwMDAwMDAsInJlYWQiOjMwMDAwMDAwMDAwMCwidXBkYXRlIjoyNzAwMDAwMDAwMDAwfX0=",
          "dependencies": [
            "azurerm_network_interface.net-int",
            "azurerm_public_ip.pip",
            "azurerm_resource_group.my_resource_group",
            "azurerm_subnet.linuxsubnet",
            "azurerm_virtual_network.vnet"
          ]
        },
        {
          "index_key": 1,
          "schema_version": 0,
          "attributes": {
            "additional_capabilities": [],
            "admin_password": "Password@123",
            "admin_ssh_key": [
              {
                "public_key": "ssh-rsa AAAAB3NzaC1yc2EAAAADAQABAAABgQDARnBJfspZuDeK5VGMFo/rZY5mNYU/KWWuO1KCDMlgOCSNXbjUS3tMmYcdBid5cbyJgSA8FYzPQDQKOMzc3at+XMEsUO+bA2rujR+GxY5kl0+4idAac2z9NdFy7EM0ZOjLHnwhhJYrEQDR84Uy8i6chKyaR0HfNo4TM87Z/bl/zKrgWjHtMj/oqxe6xORrs+aJfHG5Y6ew2bYm40/ESY5FVBXhoVr+fk66bK3Ary22f6soxTHa+xIUY0IlXhiP6XrM6qmmm5Bra/u1tTPGeqRoEo/MciX9tOwwgSRPQQNNw9y/LIisE0BpSRWonU7zgo3xIEmZogR9HiWPUT94Dn8TXGgnyeFPt/GIQBoxFKaI4dXGGze+smEdGyXnJzx3A4Qql436yyFu/zSE6WRFBZmQm+mZdaCkmkbZZzVt7kwFTpM6w23L7NzrkrBsWlYYhvdLrNnrdc6Af0sjD27A5RD4FpnUn3rZK6br1DTrpC/sbf6Zpn8ntP47VQ0tfS8Rf5c= azuread\\athirsonap@DESKTOP-O5C151G\r\n",
                "username": "useradmin"
              }
            ],
            "admin_username": "useradmin",
            "allow_extension_operations": true,
            "availability_set_id": "",
            "boot_diagnostics": [],
            "bypass_platform_safety_checks_on_user_schedule_enabled": false,
            "capacity_reservation_group_id": "",
            "computer_name": "NginxServer-2",
            "custom_data": "IyEvYmluL2Jhc2gNCnN1ZG8gYXB0IC15IHVwZGF0ZQ0KDQojaW5zdGFsbCBuZ2lueA0Kc3VkbyBhcHQgLXkgaW5zdGFsbCBuZ2lueA0Kc3VkbyBzeXN0ZW1jdGwgc3RhcnQgbmdpbng=",
            "dedicated_host_group_id": "",
            "dedicated_host_id": "",
            "disable_password_authentication": false,
            "disk_controller_type": "",
            "edge_zone": "",
            "encryption_at_host_enabled": false,
            "eviction_policy": "",
            "extensions_time_budget": "PT1H30M",
            "gallery_application": [],
            "id": "/subscriptions/fb8777e1-661e-4739-a65f-da0009be9c82/resourceGroups/nginx-webserver-az/providers/Microsoft.Compute/virtualMachines/NginxServer-2",
            "identity": [],
            "license_type": "",
            "location": "eastus",
            "max_bid_price": -1,
            "name": "NginxServer-2",
            "network_interface_ids": [
              "/subscriptions/fb8777e1-661e-4739-a65f-da0009be9c82/resourceGroups/nginx-webserver-az/providers/Microsoft.Network/networkInterfaces/NginxNic--2"
            ],
            "os_disk": [
              {
                "caching": "ReadWrite",
                "diff_disk_settings": [],
                "disk_encryption_set_id": "",
                "disk_size_gb": 30,
                "name": "NginxServer-2_disk1_36d12b549e93441b85f74f28338130e8",
                "secure_vm_disk_encryption_set_id": "",
                "security_encryption_type": "",
                "storage_account_type": "Standard_LRS",
                "write_accelerator_enabled": false
              }
            ],
            "os_image_notification": [],
            "patch_assessment_mode": "ImageDefault",
            "patch_mode": "ImageDefault",
            "plan": [],
            "platform_fault_domain": -1,
            "priority": "Regular",
            "private_ip_address": "10.0.2.4",
            "private_ip_addresses": [
              "10.0.2.4"
            ],
            "provision_vm_agent": true,
            "proximity_placement_group_id": "",
            "public_ip_address": "",
            "public_ip_addresses": [],
            "reboot_setting": "",
            "resource_group_name": "nginx-webserver-az",
            "secret": [],
            "secure_boot_enabled": false,
            "size": "Standard_B1s",
            "source_image_id": "",
            "source_image_reference": [
              {
                "offer": "0001-com-ubuntu-server-jammy",
                "publisher": "Canonical",
                "sku": "22_04-lts",
                "version": "latest"
              }
            ],
            "tags": null,
            "termination_notification": null,
            "timeouts": null,
            "user_data": "",
            "virtual_machine_id": "a52fced8-290d-4ba8-afb9-f925800b3f4d",
            "virtual_machine_scale_set_id": "",
            "vm_agent_platform_updates_enabled": false,
            "vtpm_enabled": false,
            "zone": "2"
          },
          "sensitive_attributes": [],
          "private": "eyJlMmJmYjczMC1lY2FhLTExZTYtOGY4OC0zNDM2M2JjN2M0YzAiOnsiY3JlYXRlIjoyNzAwMDAwMDAwMDAwLCJkZWxldGUiOjI3MDAwMDAwMDAwMDAsInJlYWQiOjMwMDAwMDAwMDAwMCwidXBkYXRlIjoyNzAwMDAwMDAwMDAwfX0=",
          "dependencies": [
            "azurerm_network_interface.net-int",
            "azurerm_public_ip.pip",
            "azurerm_resource_group.my_resource_group",
            "azurerm_subnet.linuxsubnet",
            "azurerm_virtual_network.vnet"
          ]
        }
      ]
    },
    {
      "mode": "managed",
      "type": "azurerm_network_interface",
      "name": "net-int",
      "provider": "provider[\"registry.terraform.io/hashicorp/azurerm\"]",
      "instances": [
        {
          "index_key": 0,
          "schema_version": 0,
          "attributes": {
            "applied_dns_servers": [],
            "auxiliary_mode": "",
            "auxiliary_sku": "",
            "dns_servers": [],
            "edge_zone": "",
            "enable_accelerated_networking": false,
            "enable_ip_forwarding": false,
            "id": "/subscriptions/fb8777e1-661e-4739-a65f-da0009be9c82/resourceGroups/nginx-webserver-az/providers/Microsoft.Network/networkInterfaces/NginxNic--1",
            "internal_dns_name_label": "",
            "internal_domain_name_suffix": "zft5ptaw0lyu5majr2boxlsjza.bx.internal.cloudapp.net",
            "ip_configuration": [
              {
                "gateway_load_balancer_frontend_ip_configuration_id": "",
                "name": "NginxPrivateIp0",
                "primary": true,
                "private_ip_address": "10.0.1.4",
                "private_ip_address_allocation": "Dynamic",
                "private_ip_address_version": "IPv4",
                "public_ip_address_id": "/subscriptions/fb8777e1-661e-4739-a65f-da0009be9c82/resourceGroups/nginx-webserver-az/providers/Microsoft.Network/publicIPAddresses/Pipnginx",
                "subnet_id": "/subscriptions/fb8777e1-661e-4739-a65f-da0009be9c82/resourceGroups/nginx-webserver-az/providers/Microsoft.Network/virtualNetworks/nginx-vnet/subnets/subnet-nginx-1"
              }
            ],
            "location": "eastus",
            "mac_address": "",
            "name": "NginxNic--1",
            "private_ip_address": "10.0.1.4",
            "private_ip_addresses": [
              "10.0.1.4"
            ],
            "resource_group_name": "nginx-webserver-az",
            "tags": null,
            "timeouts": null,
            "virtual_machine_id": ""
          },
          "sensitive_attributes": [],
          "private": "eyJlMmJmYjczMC1lY2FhLTExZTYtOGY4OC0zNDM2M2JjN2M0YzAiOnsiY3JlYXRlIjoxODAwMDAwMDAwMDAwLCJkZWxldGUiOjE4MDAwMDAwMDAwMDAsInJlYWQiOjMwMDAwMDAwMDAwMCwidXBkYXRlIjoxODAwMDAwMDAwMDAwfX0=",
          "dependencies": [
            "azurerm_public_ip.pip",
            "azurerm_resource_group.my_resource_group",
            "azurerm_subnet.linuxsubnet",
            "azurerm_virtual_network.vnet"
          ]
        },
        {
          "index_key": 1,
          "schema_version": 0,
          "attributes": {
            "applied_dns_servers": [],
            "auxiliary_mode": "",
            "auxiliary_sku": "",
            "dns_servers": [],
            "edge_zone": "",
            "enable_accelerated_networking": false,
            "enable_ip_forwarding": false,
            "id": "/subscriptions/fb8777e1-661e-4739-a65f-da0009be9c82/resourceGroups/nginx-webserver-az/providers/Microsoft.Network/networkInterfaces/NginxNic--2",
            "internal_dns_name_label": "",
            "internal_domain_name_suffix": "zft5ptaw0lyu5majr2boxlsjza.bx.internal.cloudapp.net",
            "ip_configuration": [
              {
                "gateway_load_balancer_frontend_ip_configuration_id": "",
                "name": "NginxPrivateIp1",
                "primary": true,
                "private_ip_address": "10.0.2.4",
                "private_ip_address_allocation": "Dynamic",
                "private_ip_address_version": "IPv4",
                "public_ip_address_id": "",
                "subnet_id": "/subscriptions/fb8777e1-661e-4739-a65f-da0009be9c82/resourceGroups/nginx-webserver-az/providers/Microsoft.Network/virtualNetworks/nginx-vnet/subnets/subnet-nginx-2"
              }
            ],
            "location": "eastus",
            "mac_address": "",
            "name": "NginxNic--2",
            "private_ip_address": "10.0.2.4",
            "private_ip_addresses": [
              "10.0.2.4"
            ],
            "resource_group_name": "nginx-webserver-az",
            "tags": null,
            "timeouts": null,
            "virtual_machine_id": ""
          },
          "sensitive_attributes": [],
          "private": "eyJlMmJmYjczMC1lY2FhLTExZTYtOGY4OC0zNDM2M2JjN2M0YzAiOnsiY3JlYXRlIjoxODAwMDAwMDAwMDAwLCJkZWxldGUiOjE4MDAwMDAwMDAwMDAsInJlYWQiOjMwMDAwMDAwMDAwMCwidXBkYXRlIjoxODAwMDAwMDAwMDAwfX0=",
          "dependencies": [
            "azurerm_public_ip.pip",
            "azurerm_resource_group.my_resource_group",
            "azurerm_subnet.linuxsubnet",
            "azurerm_virtual_network.vnet"
          ]
        }
      ]
    },
    {
      "mode": "managed",
      "type": "azurerm_network_security_group",
      "name": "nsgnginx",
      "provider": "provider[\"registry.terraform.io/hashicorp/azurerm\"]",
      "instances": [
        {
          "schema_version": 0,
          "attributes": {
            "id": "/subscriptions/fb8777e1-661e-4739-a65f-da0009be9c82/resourceGroups/nginx-webserver-az/providers/Microsoft.Network/networkSecurityGroups/NSG-8uafh",
            "location": "eastus",
            "name": "NSG-8uafh",
            "resource_group_name": "nginx-webserver-az",
            "security_rule": [
              {
                "access": "Allow",
                "description": "",
                "destination_address_prefix": "*",
                "destination_address_prefixes": [],
                "destination_application_security_group_ids": [],
                "destination_port_range": "22",
                "destination_port_ranges": [],
                "direction": "Inbound",
                "name": "ssh",
                "priority": 1000,
                "protocol": "Tcp",
                "source_address_prefix": "*",
                "source_address_prefixes": [],
                "source_application_security_group_ids": [],
                "source_port_range": "*",
                "source_port_ranges": []
              },
              {
                "access": "Allow",
                "description": "",
                "destination_address_prefix": "*",
                "destination_address_prefixes": [],
                "destination_application_security_group_ids": [],
                "destination_port_range": "80",
                "destination_port_ranges": [],
                "direction": "Inbound",
                "name": "Http",
                "priority": 1001,
                "protocol": "Tcp",
                "source_address_prefix": "*",
                "source_address_prefixes": [],
                "source_application_security_group_ids": [],
                "source_port_range": "*",
                "source_port_ranges": []
              }
            ],
            "tags": null,
            "timeouts": null
          },
          "sensitive_attributes": [],
          "private": "eyJlMmJmYjczMC1lY2FhLTExZTYtOGY4OC0zNDM2M2JjN2M0YzAiOnsiY3JlYXRlIjoxODAwMDAwMDAwMDAwLCJkZWxldGUiOjE4MDAwMDAwMDAwMDAsInJlYWQiOjMwMDAwMDAwMDAwMCwidXBkYXRlIjoxODAwMDAwMDAwMDAwfX0=",
          "dependencies": [
            "azurerm_resource_group.my_resource_group",
            "random_string.name"
          ]
        }
      ]
    },
    {
      "mode": "managed",
      "type": "azurerm_public_ip",
      "name": "pip",
      "provider": "provider[\"registry.terraform.io/hashicorp/azurerm\"]",
      "instances": [
        {
          "schema_version": 0,
          "attributes": {
            "allocation_method": "Static",
            "ddos_protection_mode": "VirtualNetworkInherited",
            "ddos_protection_plan_id": null,
            "domain_name_label": "pipnginx",
            "edge_zone": "",
            "fqdn": "pipnginx.eastus.cloudapp.azure.com",
            "id": "/subscriptions/fb8777e1-661e-4739-a65f-da0009be9c82/resourceGroups/nginx-webserver-az/providers/Microsoft.Network/publicIPAddresses/Pipnginx",
            "idle_timeout_in_minutes": 4,
            "ip_address": "172.214.72.88",
            "ip_tags": null,
            "ip_version": "IPv4",
            "location": "eastus",
            "name": "Pipnginx",
            "public_ip_prefix_id": null,
            "resource_group_name": "nginx-webserver-az",
            "reverse_fqdn": "",
            "sku": "Standard",
            "sku_tier": "Regional",
            "tags": null,
            "timeouts": null,
            "zones": [
              "1"
            ]
          },
          "sensitive_attributes": [],
          "private": "eyJlMmJmYjczMC1lY2FhLTExZTYtOGY4OC0zNDM2M2JjN2M0YzAiOnsiY3JlYXRlIjoxODAwMDAwMDAwMDAwLCJkZWxldGUiOjE4MDAwMDAwMDAwMDAsInJlYWQiOjMwMDAwMDAwMDAwMCwidXBkYXRlIjoxODAwMDAwMDAwMDAwfX0=",
          "dependencies": [
            "azurerm_resource_group.my_resource_group"
          ]
        }
      ]
    },
    {
      "mode": "managed",
      "type": "azurerm_resource_group",
      "name": "my_resource_group",
      "provider": "provider[\"registry.terraform.io/hashicorp/azurerm\"]",
      "instances": [
        {
          "schema_version": 0,
          "attributes": {
            "id": "/subscriptions/fb8777e1-661e-4739-a65f-da0009be9c82/resourceGroups/nginx-webserver-az",
            "location": "eastus",
            "managed_by": "",
            "name": "nginx-webserver-az",
            "tags": null,
            "timeouts": null
          },
          "sensitive_attributes": [],
          "private": "eyJlMmJmYjczMC1lY2FhLTExZTYtOGY4OC0zNDM2M2JjN2M0YzAiOnsiY3JlYXRlIjo1NDAwMDAwMDAwMDAwLCJkZWxldGUiOjU0MDAwMDAwMDAwMDAsInJlYWQiOjMwMDAwMDAwMDAwMCwidXBkYXRlIjo1NDAwMDAwMDAwMDAwfX0="
        }
      ]
    },
    {
      "mode": "managed",
      "type": "azurerm_subnet",
      "name": "linuxsubnet",
      "provider": "provider[\"registry.terraform.io/hashicorp/azurerm\"]",
      "instances": [
        {
          "index_key": 0,
          "schema_version": 0,
          "attributes": {
            "address_prefixes": [
              "10.0.1.0/24"
            ],
            "delegation": [],
            "enforce_private_link_endpoint_network_policies": false,
            "enforce_private_link_service_network_policies": false,
            "id": "/subscriptions/fb8777e1-661e-4739-a65f-da0009be9c82/resourceGroups/nginx-webserver-az/providers/Microsoft.Network/virtualNetworks/nginx-vnet/subnets/subnet-nginx-1",
            "name": "subnet-nginx-1",
            "private_endpoint_network_policies_enabled": true,
            "private_link_service_network_policies_enabled": true,
            "resource_group_name": "nginx-webserver-az",
            "service_endpoint_policy_ids": null,
            "service_endpoints": null,
            "timeouts": null,
            "virtual_network_name": "nginx-vnet"
          },
          "sensitive_attributes": [],
          "private": "eyJlMmJmYjczMC1lY2FhLTExZTYtOGY4OC0zNDM2M2JjN2M0YzAiOnsiY3JlYXRlIjoxODAwMDAwMDAwMDAwLCJkZWxldGUiOjE4MDAwMDAwMDAwMDAsInJlYWQiOjMwMDAwMDAwMDAwMCwidXBkYXRlIjoxODAwMDAwMDAwMDAwfX0=",
          "dependencies": [
            "azurerm_resource_group.my_resource_group",
            "azurerm_virtual_network.vnet"
          ]
        },
        {
          "index_key": 1,
          "schema_version": 0,
          "attributes": {
            "address_prefixes": [
              "10.0.2.0/24"
            ],
            "delegation": [],
            "enforce_private_link_endpoint_network_policies": false,
            "enforce_private_link_service_network_policies": false,
            "id": "/subscriptions/fb8777e1-661e-4739-a65f-da0009be9c82/resourceGroups/nginx-webserver-az/providers/Microsoft.Network/virtualNetworks/nginx-vnet/subnets/subnet-nginx-2",
            "name": "subnet-nginx-2",
            "private_endpoint_network_policies_enabled": true,
            "private_link_service_network_policies_enabled": true,
            "resource_group_name": "nginx-webserver-az",
            "service_endpoint_policy_ids": null,
            "service_endpoints": null,
            "timeouts": null,
            "virtual_network_name": "nginx-vnet"
          },
          "sensitive_attributes": [],
          "private": "eyJlMmJmYjczMC1lY2FhLTExZTYtOGY4OC0zNDM2M2JjN2M0YzAiOnsiY3JlYXRlIjoxODAwMDAwMDAwMDAwLCJkZWxldGUiOjE4MDAwMDAwMDAwMDAsInJlYWQiOjMwMDAwMDAwMDAwMCwidXBkYXRlIjoxODAwMDAwMDAwMDAwfX0=",
          "dependencies": [
            "azurerm_resource_group.my_resource_group",
            "azurerm_virtual_network.vnet"
          ]
        }
      ]
    },
    {
      "mode": "managed",
      "type": "azurerm_subnet_network_security_group_association",
      "name": "nsgassociation",
      "provider": "provider[\"registry.terraform.io/hashicorp/azurerm\"]",
      "instances": [
        {
          "index_key": 0,
          "schema_version": 0,
          "attributes": {
            "id": "/subscriptions/fb8777e1-661e-4739-a65f-da0009be9c82/resourceGroups/nginx-webserver-az/providers/Microsoft.Network/virtualNetworks/nginx-vnet/subnets/subnet-nginx-1",
            "network_security_group_id": "/subscriptions/fb8777e1-661e-4739-a65f-da0009be9c82/resourceGroups/nginx-webserver-az/providers/Microsoft.Network/networkSecurityGroups/NSG-8uafh",
            "subnet_id": "/subscriptions/fb8777e1-661e-4739-a65f-da0009be9c82/resourceGroups/nginx-webserver-az/providers/Microsoft.Network/virtualNetworks/nginx-vnet/subnets/subnet-nginx-1",
            "timeouts": null
          },
          "sensitive_attributes": [],
          "private": "eyJlMmJmYjczMC1lY2FhLTExZTYtOGY4OC0zNDM2M2JjN2M0YzAiOnsiY3JlYXRlIjoxODAwMDAwMDAwMDAwLCJkZWxldGUiOjE4MDAwMDAwMDAwMDAsInJlYWQiOjMwMDAwMDAwMDAwMH19",
          "dependencies": [
            "azurerm_network_security_group.nsgnginx",
            "azurerm_resource_group.my_resource_group",
            "azurerm_subnet.linuxsubnet",
            "azurerm_virtual_network.vnet",
            "random_string.name"
          ]
        },
        {
          "index_key": 1,
          "schema_version": 0,
          "attributes": {
            "id": "/subscriptions/fb8777e1-661e-4739-a65f-da0009be9c82/resourceGroups/nginx-webserver-az/providers/Microsoft.Network/virtualNetworks/nginx-vnet/subnets/subnet-nginx-2",
            "network_security_group_id": "/subscriptions/fb8777e1-661e-4739-a65f-da0009be9c82/resourceGroups/nginx-webserver-az/providers/Microsoft.Network/networkSecurityGroups/NSG-8uafh",
            "subnet_id": "/subscriptions/fb8777e1-661e-4739-a65f-da0009be9c82/resourceGroups/nginx-webserver-az/providers/Microsoft.Network/virtualNetworks/nginx-vnet/subnets/subnet-nginx-2",
            "timeouts": null
          },
          "sensitive_attributes": [],
          "private": "eyJlMmJmYjczMC1lY2FhLTExZTYtOGY4OC0zNDM2M2JjN2M0YzAiOnsiY3JlYXRlIjoxODAwMDAwMDAwMDAwLCJkZWxldGUiOjE4MDAwMDAwMDAwMDAsInJlYWQiOjMwMDAwMDAwMDAwMH19",
          "dependencies": [
            "azurerm_network_security_group.nsgnginx",
            "azurerm_resource_group.my_resource_group",
            "azurerm_subnet.linuxsubnet",
            "azurerm_virtual_network.vnet",
            "random_string.name"
          ]
        }
      ]
    },
    {
      "mode": "managed",
      "type": "azurerm_virtual_network",
      "name": "vnet",
      "provider": "provider[\"registry.terraform.io/hashicorp/azurerm\"]",
      "instances": [
        {
          "schema_version": 0,
          "attributes": {
            "address_space": [
              "10.0.0.0/16"
            ],
            "bgp_community": "",
            "ddos_protection_plan": [],
            "dns_servers": [
              "8.8.8.8"
            ],
            "edge_zone": "",
            "encryption": [],
            "flow_timeout_in_minutes": 0,
            "guid": "ccf767c9-d216-4ff1-b009-8f02ebae49c8",
            "id": "/subscriptions/fb8777e1-661e-4739-a65f-da0009be9c82/resourceGroups/nginx-webserver-az/providers/Microsoft.Network/virtualNetworks/nginx-vnet",
            "location": "eastus",
            "name": "nginx-vnet",
            "resource_group_name": "nginx-webserver-az",
            "subnet": [],
            "tags": null,
            "timeouts": null
          },
          "sensitive_attributes": [],
          "private": "eyJlMmJmYjczMC1lY2FhLTExZTYtOGY4OC0zNDM2M2JjN2M0YzAiOnsiY3JlYXRlIjoxODAwMDAwMDAwMDAwLCJkZWxldGUiOjE4MDAwMDAwMDAwMDAsInJlYWQiOjMwMDAwMDAwMDAwMCwidXBkYXRlIjoxODAwMDAwMDAwMDAwfX0=",
          "dependencies": [
            "azurerm_resource_group.my_resource_group"
          ]
        }
      ]
    },
    {
      "mode": "managed",
      "type": "random_string",
      "name": "name",
      "provider": "provider[\"registry.terraform.io/hashicorp/random\"]",
      "instances": [
        {
          "schema_version": 2,
          "attributes": {
            "id": "8uafh",
            "keepers": null,
            "length": 5,
            "lower": true,
            "min_lower": 0,
            "min_numeric": 0,
            "min_special": 0,
            "min_upper": 0,
            "number": true,
            "numeric": true,
            "override_special": null,
            "result": "8uafh",
            "special": false,
            "upper": false
          },
          "sensitive_attributes": []
        }
      ]
    }
  ],
  "check_results": null
}
